// !$*UTF8*$!
{
	archiveVersion = 1;
	classes = {
	};
	objectVersion = 56;
	objects = {

/* Begin PBXBuildFile section */
		604C65752BFB8EE2000CD88F /* AppDelegate.swift in Sources */ = {isa = PBXBuildFile; fileRef = 604C65742BFB8EE2000CD88F /* AppDelegate.swift */; };
		604C65772BFB8EE2000CD88F /* SceneDelegate.swift in Sources */ = {isa = PBXBuildFile; fileRef = 604C65762BFB8EE2000CD88F /* SceneDelegate.swift */; };
		604C65792BFB8EE2000CD88F /* HomeVC.swift in Sources */ = {isa = PBXBuildFile; fileRef = 604C65782BFB8EE2000CD88F /* HomeVC.swift */; };
		604C657C2BFB8EE2000CD88F /* Base in Resources */ = {isa = PBXBuildFile; fileRef = 604C657B2BFB8EE2000CD88F /* Base */; };
		604C657F2BFB8EE2000CD88F /* GamersLikeGames.xcdatamodeld in Sources */ = {isa = PBXBuildFile; fileRef = 604C657D2BFB8EE2000CD88F /* GamersLikeGames.xcdatamodeld */; };
		604C65812BFB8EE4000CD88F /* Assets.xcassets in Resources */ = {isa = PBXBuildFile; fileRef = 604C65802BFB8EE4000CD88F /* Assets.xcassets */; };
		604C65842BFB8EE4000CD88F /* Base in Resources */ = {isa = PBXBuildFile; fileRef = 604C65832BFB8EE4000CD88F /* Base */; };
		604C65902BFCA880000CD88F /* GameModel.swift in Sources */ = {isa = PBXBuildFile; fileRef = 604C658F2BFCA880000CD88F /* GameModel.swift */; };
		604C65922BFCADE1000CD88F /* Constants.swift in Sources */ = {isa = PBXBuildFile; fileRef = 604C65912BFCADE1000CD88F /* Constants.swift */; };
		604C659C2BFCBCFE000CD88F /* HomeListCell.swift in Sources */ = {isa = PBXBuildFile; fileRef = 604C659A2BFCBCFE000CD88F /* HomeListCell.swift */; };
		604C659D2BFCBCFE000CD88F /* HomeListCell.xib in Resources */ = {isa = PBXBuildFile; fileRef = 604C659B2BFCBCFE000CD88F /* HomeListCell.xib */; };
		604C659F2BFCE3DC000CD88F /* FavoritesVC.swift in Sources */ = {isa = PBXBuildFile; fileRef = 604C659E2BFCE3DC000CD88F /* FavoritesVC.swift */; };
		604C65A22BFCE67A000CD88F /* Kingfisher in Frameworks */ = {isa = PBXBuildFile; productRef = 604C65A12BFCE67A000CD88F /* Kingfisher */; };
		604C65A42BFCE8FD000CD88F /* TabBarController.swift in Sources */ = {isa = PBXBuildFile; fileRef = 604C65A32BFCE8FD000CD88F /* TabBarController.swift */; };
		604C65B12BFD1A5D000CD88F /* HomeVM.swift in Sources */ = {isa = PBXBuildFile; fileRef = 604C65B02BFD1A5D000CD88F /* HomeVM.swift */; };
		604C65B32BFD1A6E000CD88F /* FavoritesVM.swift in Sources */ = {isa = PBXBuildFile; fileRef = 604C65B22BFD1A6E000CD88F /* FavoritesVM.swift */; };
		604C65B52BFD1A8C000CD88F /* DetailsVC.swift in Sources */ = {isa = PBXBuildFile; fileRef = 604C65B42BFD1A8C000CD88F /* DetailsVC.swift */; };
		604C65B72BFD1A96000CD88F /* DetailsVM.swift in Sources */ = {isa = PBXBuildFile; fileRef = 604C65B62BFD1A96000CD88F /* DetailsVM.swift */; };
		608C32D92BFF5BB0004CEB67 /* UIImageView+.swift in Sources */ = {isa = PBXBuildFile; fileRef = 608C32D82BFF5BB0004CEB67 /* UIImageView+.swift */; };
		608C32DB2BFF5BC1004CEB67 /* IUScrollView+.swift in Sources */ = {isa = PBXBuildFile; fileRef = 608C32DA2BFF5BC1004CEB67 /* IUScrollView+.swift */; };
		608C32DD2BFF5BCD004CEB67 /* UIView+.swift in Sources */ = {isa = PBXBuildFile; fileRef = 608C32DC2BFF5BCD004CEB67 /* UIView+.swift */; };
		608C32E22BFFD947004CEB67 /* FavoritesCell.swift in Sources */ = {isa = PBXBuildFile; fileRef = 608C32E02BFFD947004CEB67 /* FavoritesCell.swift */; };
		608C32E32BFFD947004CEB67 /* FavoritesCell.xib in Resources */ = {isa = PBXBuildFile; fileRef = 608C32E12BFFD947004CEB67 /* FavoritesCell.xib */; };
		608C32E52C00BC87004CEB67 /* UILabel+.swift in Sources */ = {isa = PBXBuildFile; fileRef = 608C32E42C00BC87004CEB67 /* UILabel+.swift */; };
		608C32E82C00DFAD004CEB67 /* GameDetailModel.swift in Sources */ = {isa = PBXBuildFile; fileRef = 608C32E72C00DFAD004CEB67 /* GameDetailModel.swift */; };
		60D677602C03BBE500421EF5 /* UICollectionView+.swift in Sources */ = {isa = PBXBuildFile; fileRef = 60D6775F2C03BBE500421EF5 /* UICollectionView+.swift */; };
/* End PBXBuildFile section */

/* Begin PBXFileReference section */
		604C65712BFB8EE2000CD88F /* GamersLikeGames.app */ = {isa = PBXFileReference; explicitFileType = wrapper.application; includeInIndex = 0; path = GamersLikeGames.app; sourceTree = BUILT_PRODUCTS_DIR; };
		604C65742BFB8EE2000CD88F /* AppDelegate.swift */ = {isa = PBXFileReference; lastKnownFileType = sourcecode.swift; path = AppDelegate.swift; sourceTree = "<group>"; };
		604C65762BFB8EE2000CD88F /* SceneDelegate.swift */ = {isa = PBXFileReference; lastKnownFileType = sourcecode.swift; path = SceneDelegate.swift; sourceTree = "<group>"; };
		604C65782BFB8EE2000CD88F /* HomeVC.swift */ = {isa = PBXFileReference; lastKnownFileType = sourcecode.swift; path = HomeVC.swift; sourceTree = "<group>"; };
		604C657B2BFB8EE2000CD88F /* Base */ = {isa = PBXFileReference; lastKnownFileType = file.storyboard; name = Base; path = Base.lproj/Main.storyboard; sourceTree = "<group>"; };
		604C657E2BFB8EE2000CD88F /* GamersLikeGames.xcdatamodel */ = {isa = PBXFileReference; lastKnownFileType = wrapper.xcdatamodel; path = GamersLikeGames.xcdatamodel; sourceTree = "<group>"; };
		604C65802BFB8EE4000CD88F /* Assets.xcassets */ = {isa = PBXFileReference; lastKnownFileType = folder.assetcatalog; path = Assets.xcassets; sourceTree = "<group>"; };
		604C65832BFB8EE4000CD88F /* Base */ = {isa = PBXFileReference; lastKnownFileType = file.storyboard; name = Base; path = Base.lproj/LaunchScreen.storyboard; sourceTree = "<group>"; };
		604C65852BFB8EE4000CD88F /* Info.plist */ = {isa = PBXFileReference; lastKnownFileType = text.plist.xml; name = Info.plist; path = /Users/baris/Desktop/GamersLikeGames/GamersLikeGames/Resource/Info.plist; sourceTree = "<absolute>"; };
		604C658F2BFCA880000CD88F /* GameModel.swift */ = {isa = PBXFileReference; lastKnownFileType = sourcecode.swift; path = GameModel.swift; sourceTree = "<group>"; };
		604C65912BFCADE1000CD88F /* Constants.swift */ = {isa = PBXFileReference; lastKnownFileType = sourcecode.swift; path = Constants.swift; sourceTree = "<group>"; };
		604C659A2BFCBCFE000CD88F /* HomeListCell.swift */ = {isa = PBXFileReference; lastKnownFileType = sourcecode.swift; path = HomeListCell.swift; sourceTree = "<group>"; };
		604C659B2BFCBCFE000CD88F /* HomeListCell.xib */ = {isa = PBXFileReference; lastKnownFileType = file.xib; path = HomeListCell.xib; sourceTree = "<group>"; };
		604C659E2BFCE3DC000CD88F /* FavoritesVC.swift */ = {isa = PBXFileReference; lastKnownFileType = sourcecode.swift; path = FavoritesVC.swift; sourceTree = "<group>"; };
		604C65A32BFCE8FD000CD88F /* TabBarController.swift */ = {isa = PBXFileReference; lastKnownFileType = sourcecode.swift; path = TabBarController.swift; sourceTree = "<group>"; };
		604C65B02BFD1A5D000CD88F /* HomeVM.swift */ = {isa = PBXFileReference; lastKnownFileType = sourcecode.swift; path = HomeVM.swift; sourceTree = "<group>"; };
		604C65B22BFD1A6E000CD88F /* FavoritesVM.swift */ = {isa = PBXFileReference; lastKnownFileType = sourcecode.swift; path = FavoritesVM.swift; sourceTree = "<group>"; };
		604C65B42BFD1A8C000CD88F /* DetailsVC.swift */ = {isa = PBXFileReference; lastKnownFileType = sourcecode.swift; path = DetailsVC.swift; sourceTree = "<group>"; };
		604C65B62BFD1A96000CD88F /* DetailsVM.swift */ = {isa = PBXFileReference; lastKnownFileType = sourcecode.swift; path = DetailsVM.swift; sourceTree = "<group>"; };
		608C32D82BFF5BB0004CEB67 /* UIImageView+.swift */ = {isa = PBXFileReference; lastKnownFileType = sourcecode.swift; path = "UIImageView+.swift"; sourceTree = "<group>"; };
		608C32DA2BFF5BC1004CEB67 /* IUScrollView+.swift */ = {isa = PBXFileReference; lastKnownFileType = sourcecode.swift; path = "IUScrollView+.swift"; sourceTree = "<group>"; };
		608C32DC2BFF5BCD004CEB67 /* UIView+.swift */ = {isa = PBXFileReference; lastKnownFileType = sourcecode.swift; path = "UIView+.swift"; sourceTree = "<group>"; };
		608C32E02BFFD947004CEB67 /* FavoritesCell.swift */ = {isa = PBXFileReference; lastKnownFileType = sourcecode.swift; path = FavoritesCell.swift; sourceTree = "<group>"; };
		608C32E12BFFD947004CEB67 /* FavoritesCell.xib */ = {isa = PBXFileReference; lastKnownFileType = file.xib; path = FavoritesCell.xib; sourceTree = "<group>"; };
		608C32E42C00BC87004CEB67 /* UILabel+.swift */ = {isa = PBXFileReference; lastKnownFileType = sourcecode.swift; path = "UILabel+.swift"; sourceTree = "<group>"; };
		608C32E72C00DFAD004CEB67 /* GameDetailModel.swift */ = {isa = PBXFileReference; lastKnownFileType = sourcecode.swift; path = GameDetailModel.swift; sourceTree = "<group>"; };
		60D6775F2C03BBE500421EF5 /* UICollectionView+.swift */ = {isa = PBXFileReference; lastKnownFileType = sourcecode.swift; path = "UICollectionView+.swift"; sourceTree = "<group>"; };
/* End PBXFileReference section */

/* Begin PBXFrameworksBuildPhase section */
		604C656E2BFB8EE2000CD88F /* Frameworks */ = {
			isa = PBXFrameworksBuildPhase;
			buildActionMask = 2147483647;
			files = (
				604C65A22BFCE67A000CD88F /* Kingfisher in Frameworks */,
			);
			runOnlyForDeploymentPostprocessing = 0;
		};
/* End PBXFrameworksBuildPhase section */

/* Begin PBXGroup section */
		604C65682BFB8EE2000CD88F = {
			isa = PBXGroup;
			children = (
				604C65732BFB8EE2000CD88F /* GamersLikeGames */,
				604C65722BFB8EE2000CD88F /* Products */,
			);
			sourceTree = "<group>";
		};
		604C65722BFB8EE2000CD88F /* Products */ = {
			isa = PBXGroup;
			children = (
				604C65712BFB8EE2000CD88F /* GamersLikeGames.app */,
			);
			name = Products;
			sourceTree = "<group>";
		};
		604C65732BFB8EE2000CD88F /* GamersLikeGames */ = {
			isa = PBXGroup;
			children = (
				604C65A62BFD198C000CD88F /* Scenes */,
				604C658B2BFCA83C000CD88F /* Model */,
				604C65B92BFD1AF8000CD88F /* Storyboards */,
				604C65B82BFD1ADB000CD88F /* Delegates */,
				608C32DE2BFF95D1004CEB67 /* Extensions */,
				604C65A52BFD1969000CD88F /* Resource */,
			);
			path = GamersLikeGames;
			sourceTree = "<group>";
		};
		604C658B2BFCA83C000CD88F /* Model */ = {
			isa = PBXGroup;
			children = (
				604C65912BFCADE1000CD88F /* Constants.swift */,
			);
			path = Model;
			sourceTree = "<group>";
		};
		604C65A52BFD1969000CD88F /* Resource */ = {
			isa = PBXGroup;
			children = (
				604C657D2BFB8EE2000CD88F /* GamersLikeGames.xcdatamodeld */,
				604C65852BFB8EE4000CD88F /* Info.plist */,
				604C65802BFB8EE4000CD88F /* Assets.xcassets */,
			);
			path = Resource;
			sourceTree = "<group>";
		};
		604C65A62BFD198C000CD88F /* Scenes */ = {
			isa = PBXGroup;
			children = (
				604C65BC2BFD1E4C000CD88F /* TabBar */,
				604C65A92BFD19C0000CD88F /* Details */,
			);
			path = Scenes;
			sourceTree = "<group>";
		};
		604C65A72BFD19B1000CD88F /* Home */ = {
			isa = PBXGroup;
			children = (
				604C65BB2BFD1B83000CD88F /* Model */,
				604C65BA2BFD1B30000CD88F /* View */,
				604C65AF2BFD1A36000CD88F /* ViewModel */,
				604C65AA2BFD19E5000CD88F /* Controller */,
			);
			path = Home;
			sourceTree = "<group>";
		};
		604C65A82BFD19B7000CD88F /* Favorites */ = {
			isa = PBXGroup;
			children = (
				608C32DF2BFFD927004CEB67 /* View */,
				604C65AE2BFD1A30000CD88F /* ViewModel */,
				604C65AB2BFD1A09000CD88F /* Controller */,
			);
			path = Favorites;
			sourceTree = "<group>";
		};
		604C65A92BFD19C0000CD88F /* Details */ = {
			isa = PBXGroup;
			children = (
				608C32E62C00DF90004CEB67 /* Model */,
				604C65AD2BFD1A29000CD88F /* ViewModel */,
				604C65AC2BFD1A18000CD88F /* Controller */,
			);
			path = Details;
			sourceTree = "<group>";
		};
		604C65AA2BFD19E5000CD88F /* Controller */ = {
			isa = PBXGroup;
			children = (
				604C65782BFB8EE2000CD88F /* HomeVC.swift */,
			);
			path = Controller;
			sourceTree = "<group>";
		};
		604C65AB2BFD1A09000CD88F /* Controller */ = {
			isa = PBXGroup;
			children = (
				604C659E2BFCE3DC000CD88F /* FavoritesVC.swift */,
			);
			path = Controller;
			sourceTree = "<group>";
		};
		604C65AC2BFD1A18000CD88F /* Controller */ = {
			isa = PBXGroup;
			children = (
				604C65B42BFD1A8C000CD88F /* DetailsVC.swift */,
			);
			path = Controller;
			sourceTree = "<group>";
		};
		604C65AD2BFD1A29000CD88F /* ViewModel */ = {
			isa = PBXGroup;
			children = (
				604C65B62BFD1A96000CD88F /* DetailsVM.swift */,
			);
			path = ViewModel;
			sourceTree = "<group>";
		};
		604C65AE2BFD1A30000CD88F /* ViewModel */ = {
			isa = PBXGroup;
			children = (
				604C65B22BFD1A6E000CD88F /* FavoritesVM.swift */,
			);
			path = ViewModel;
			sourceTree = "<group>";
		};
		604C65AF2BFD1A36000CD88F /* ViewModel */ = {
			isa = PBXGroup;
			children = (
				604C65B02BFD1A5D000CD88F /* HomeVM.swift */,
			);
			path = ViewModel;
			sourceTree = "<group>";
		};
		604C65B82BFD1ADB000CD88F /* Delegates */ = {
			isa = PBXGroup;
			children = (
				604C65742BFB8EE2000CD88F /* AppDelegate.swift */,
				604C65762BFB8EE2000CD88F /* SceneDelegate.swift */,
			);
			path = Delegates;
			sourceTree = "<group>";
		};
		604C65B92BFD1AF8000CD88F /* Storyboards */ = {
			isa = PBXGroup;
			children = (
				604C657A2BFB8EE2000CD88F /* Main.storyboard */,
				604C65822BFB8EE4000CD88F /* LaunchScreen.storyboard */,
			);
			path = Storyboards;
			sourceTree = "<group>";
		};
		604C65BA2BFD1B30000CD88F /* View */ = {
			isa = PBXGroup;
			children = (
				604C659B2BFCBCFE000CD88F /* HomeListCell.xib */,
				604C659A2BFCBCFE000CD88F /* HomeListCell.swift */,
			);
			path = View;
			sourceTree = "<group>";
		};
		604C65BB2BFD1B83000CD88F /* Model */ = {
			isa = PBXGroup;
			children = (
				604C658F2BFCA880000CD88F /* GameModel.swift */,
			);
			path = Model;
			sourceTree = "<group>";
		};
		604C65BC2BFD1E4C000CD88F /* TabBar */ = {
			isa = PBXGroup;
			children = (
				604C65A82BFD19B7000CD88F /* Favorites */,
				604C65A72BFD19B1000CD88F /* Home */,
				604C65BD2BFD1E5B000CD88F /* Controller */,
			);
			path = TabBar;
			sourceTree = "<group>";
		};
		604C65BD2BFD1E5B000CD88F /* Controller */ = {
			isa = PBXGroup;
			children = (
				604C65A32BFCE8FD000CD88F /* TabBarController.swift */,
			);
			path = Controller;
			sourceTree = "<group>";
		};
		608C32DE2BFF95D1004CEB67 /* Extensions */ = {
			isa = PBXGroup;
			children = (
				608C32DA2BFF5BC1004CEB67 /* IUScrollView+.swift */,
				608C32D82BFF5BB0004CEB67 /* UIImageView+.swift */,
				608C32DC2BFF5BCD004CEB67 /* UIView+.swift */,
				608C32E42C00BC87004CEB67 /* UILabel+.swift */,
				60D6775F2C03BBE500421EF5 /* UICollectionView+.swift */,
			);
			path = Extensions;
			sourceTree = "<group>";
		};
		608C32DF2BFFD927004CEB67 /* View */ = {
			isa = PBXGroup;
			children = (
				608C32E02BFFD947004CEB67 /* FavoritesCell.swift */,
				608C32E12BFFD947004CEB67 /* FavoritesCell.xib */,
			);
			path = View;
			sourceTree = "<group>";
		};
		608C32E62C00DF90004CEB67 /* Model */ = {
			isa = PBXGroup;
			children = (
				608C32E72C00DFAD004CEB67 /* GameDetailModel.swift */,
			);
			path = Model;
			sourceTree = "<group>";
		};
/* End PBXGroup section */

/* Begin PBXNativeTarget section */
		604C65702BFB8EE2000CD88F /* GamersLikeGames */ = {
			isa = PBXNativeTarget;
			buildConfigurationList = 604C65882BFB8EE4000CD88F /* Build configuration list for PBXNativeTarget "GamersLikeGames" */;
			buildPhases = (
				604C656D2BFB8EE2000CD88F /* Sources */,
				604C656E2BFB8EE2000CD88F /* Frameworks */,
				604C656F2BFB8EE2000CD88F /* Resources */,
			);
			buildRules = (
			);
			dependencies = (
			);
			name = GamersLikeGames;
			packageProductDependencies = (
				604C65A12BFCE67A000CD88F /* Kingfisher */,
			);
			productName = GamersLikeGames;
			productReference = 604C65712BFB8EE2000CD88F /* GamersLikeGames.app */;
			productType = "com.apple.product-type.application";
		};
/* End PBXNativeTarget section */

/* Begin PBXProject section */
		604C65692BFB8EE2000CD88F /* Project object */ = {
			isa = PBXProject;
			attributes = {
				BuildIndependentTargetsInParallel = 1;
				LastSwiftUpdateCheck = 1530;
				LastUpgradeCheck = 1530;
				TargetAttributes = {
					604C65702BFB8EE2000CD88F = {
						CreatedOnToolsVersion = 15.3;
					};
				};
			};
			buildConfigurationList = 604C656C2BFB8EE2000CD88F /* Build configuration list for PBXProject "GamersLikeGames" */;
			compatibilityVersion = "Xcode 14.0";
			developmentRegion = en;
			hasScannedForEncodings = 0;
			knownRegions = (
				en,
				Base,
			);
			mainGroup = 604C65682BFB8EE2000CD88F;
			packageReferences = (
				604C65A02BFCE67A000CD88F /* XCRemoteSwiftPackageReference "Kingfisher" */,
			);
			productRefGroup = 604C65722BFB8EE2000CD88F /* Products */;
			projectDirPath = "";
			projectRoot = "";
			targets = (
				604C65702BFB8EE2000CD88F /* GamersLikeGames */,
			);
		};
/* End PBXProject section */

/* Begin PBXResourcesBuildPhase section */
		604C656F2BFB8EE2000CD88F /* Resources */ = {
			isa = PBXResourcesBuildPhase;
			buildActionMask = 2147483647;
			files = (
				604C65812BFB8EE4000CD88F /* Assets.xcassets in Resources */,
				604C659D2BFCBCFE000CD88F /* HomeListCell.xib in Resources */,
				604C65842BFB8EE4000CD88F /* Base in Resources */,
				604C657C2BFB8EE2000CD88F /* Base in Resources */,
				608C32E32BFFD947004CEB67 /* FavoritesCell.xib in Resources */,
			);
			runOnlyForDeploymentPostprocessing = 0;
		};
/* End PBXResourcesBuildPhase section */

/* Begin PBXSourcesBuildPhase section */
		604C656D2BFB8EE2000CD88F /* Sources */ = {
			isa = PBXSourcesBuildPhase;
			buildActionMask = 2147483647;
			files = (
				608C32E52C00BC87004CEB67 /* UILabel+.swift in Sources */,
				604C65B12BFD1A5D000CD88F /* HomeVM.swift in Sources */,
				608C32DB2BFF5BC1004CEB67 /* IUScrollView+.swift in Sources */,
				604C659C2BFCBCFE000CD88F /* HomeListCell.swift in Sources */,
				604C65792BFB8EE2000CD88F /* HomeVC.swift in Sources */,
				608C32E22BFFD947004CEB67 /* FavoritesCell.swift in Sources */,
				604C65A42BFCE8FD000CD88F /* TabBarController.swift in Sources */,
				608C32E82C00DFAD004CEB67 /* GameDetailModel.swift in Sources */,
				604C657F2BFB8EE2000CD88F /* GamersLikeGames.xcdatamodeld in Sources */,
				604C65752BFB8EE2000CD88F /* AppDelegate.swift in Sources */,
				604C65B72BFD1A96000CD88F /* DetailsVM.swift in Sources */,
				604C659F2BFCE3DC000CD88F /* FavoritesVC.swift in Sources */,
				608C32DD2BFF5BCD004CEB67 /* UIView+.swift in Sources */,
				604C65922BFCADE1000CD88F /* Constants.swift in Sources */,
				60D677602C03BBE500421EF5 /* UICollectionView+.swift in Sources */,
				604C65772BFB8EE2000CD88F /* SceneDelegate.swift in Sources */,
				604C65B32BFD1A6E000CD88F /* FavoritesVM.swift in Sources */,
				604C65B52BFD1A8C000CD88F /* DetailsVC.swift in Sources */,
				608C32D92BFF5BB0004CEB67 /* UIImageView+.swift in Sources */,
				604C65902BFCA880000CD88F /* GameModel.swift in Sources */,
			);
			runOnlyForDeploymentPostprocessing = 0;
		};
/* End PBXSourcesBuildPhase section */

/* Begin PBXVariantGroup section */
		604C657A2BFB8EE2000CD88F /* Main.storyboard */ = {
			isa = PBXVariantGroup;
			children = (
				604C657B2BFB8EE2000CD88F /* Base */,
			);
			name = Main.storyboard;
			sourceTree = "<group>";
		};
		604C65822BFB8EE4000CD88F /* LaunchScreen.storyboard */ = {
			isa = PBXVariantGroup;
			children = (
				604C65832BFB8EE4000CD88F /* Base */,
			);
			name = LaunchScreen.storyboard;
			sourceTree = "<group>";
		};
/* End PBXVariantGroup section */

/* Begin XCBuildConfiguration section */
		604C65862BFB8EE4000CD88F /* Debug */ = {
			isa = XCBuildConfiguration;
			buildSettings = {
				ALWAYS_SEARCH_USER_PATHS = NO;
				ASSETCATALOG_COMPILER_GENERATE_SWIFT_ASSET_SYMBOL_EXTENSIONS = YES;
				CLANG_ANALYZER_NONNULL = YES;
				CLANG_ANALYZER_NUMBER_OBJECT_CONVERSION = YES_AGGRESSIVE;
				CLANG_CXX_LANGUAGE_STANDARD = "gnu++20";
				CLANG_ENABLE_MODULES = YES;
				CLANG_ENABLE_OBJC_ARC = YES;
				CLANG_ENABLE_OBJC_WEAK = YES;
				CLANG_WARN_BLOCK_CAPTURE_AUTORELEASING = YES;
				CLANG_WARN_BOOL_CONVERSION = YES;
				CLANG_WARN_COMMA = YES;
				CLANG_WARN_CONSTANT_CONVERSION = YES;
				CLANG_WARN_DEPRECATED_OBJC_IMPLEMENTATIONS = YES;
				CLANG_WARN_DIRECT_OBJC_ISA_USAGE = YES_ERROR;
				CLANG_WARN_DOCUMENTATION_COMMENTS = YES;
				CLANG_WARN_EMPTY_BODY = YES;
				CLANG_WARN_ENUM_CONVERSION = YES;
				CLANG_WARN_INFINITE_RECURSION = YES;
				CLANG_WARN_INT_CONVERSION = YES;
				CLANG_WARN_NON_LITERAL_NULL_CONVERSION = YES;
				CLANG_WARN_OBJC_IMPLICIT_RETAIN_SELF = YES;
				CLANG_WARN_OBJC_LITERAL_CONVERSION = YES;
				CLANG_WARN_OBJC_ROOT_CLASS = YES_ERROR;
				CLANG_WARN_QUOTED_INCLUDE_IN_FRAMEWORK_HEADER = YES;
				CLANG_WARN_RANGE_LOOP_ANALYSIS = YES;
				CLANG_WARN_STRICT_PROTOTYPES = YES;
				CLANG_WARN_SUSPICIOUS_MOVE = YES;
				CLANG_WARN_UNGUARDED_AVAILABILITY = YES_AGGRESSIVE;
				CLANG_WARN_UNREACHABLE_CODE = YES;
				CLANG_WARN__DUPLICATE_METHOD_MATCH = YES;
				COPY_PHASE_STRIP = NO;
				DEBUG_INFORMATION_FORMAT = dwarf;
				ENABLE_STRICT_OBJC_MSGSEND = YES;
				ENABLE_TESTABILITY = YES;
				ENABLE_USER_SCRIPT_SANDBOXING = YES;
				GCC_C_LANGUAGE_STANDARD = gnu17;
				GCC_DYNAMIC_NO_PIC = NO;
				GCC_NO_COMMON_BLOCKS = YES;
				GCC_OPTIMIZATION_LEVEL = 0;
				GCC_PREPROCESSOR_DEFINITIONS = (
					"DEBUG=1",
					"$(inherited)",
				);
				GCC_WARN_64_TO_32_BIT_CONVERSION = YES;
				GCC_WARN_ABOUT_RETURN_TYPE = YES_ERROR;
				GCC_WARN_UNDECLARED_SELECTOR = YES;
				GCC_WARN_UNINITIALIZED_AUTOS = YES_AGGRESSIVE;
				GCC_WARN_UNUSED_FUNCTION = YES;
				GCC_WARN_UNUSED_VARIABLE = YES;
				IPHONEOS_DEPLOYMENT_TARGET = 17.4;
				LOCALIZATION_PREFERS_STRING_CATALOGS = YES;
				MTL_ENABLE_DEBUG_INFO = INCLUDE_SOURCE;
				MTL_FAST_MATH = YES;
				ONLY_ACTIVE_ARCH = YES;
				SDKROOT = iphoneos;
				SWIFT_ACTIVE_COMPILATION_CONDITIONS = "DEBUG $(inherited)";
				SWIFT_OPTIMIZATION_LEVEL = "-Onone";
			};
			name = Debug;
		};
		604C65872BFB8EE4000CD88F /* Release */ = {
			isa = XCBuildConfiguration;
			buildSettings = {
				ALWAYS_SEARCH_USER_PATHS = NO;
				ASSETCATALOG_COMPILER_GENERATE_SWIFT_ASSET_SYMBOL_EXTENSIONS = YES;
				CLANG_ANALYZER_NONNULL = YES;
				CLANG_ANALYZER_NUMBER_OBJECT_CONVERSION = YES_AGGRESSIVE;
				CLANG_CXX_LANGUAGE_STANDARD = "gnu++20";
				CLANG_ENABLE_MODULES = YES;
				CLANG_ENABLE_OBJC_ARC = YES;
				CLANG_ENABLE_OBJC_WEAK = YES;
				CLANG_WARN_BLOCK_CAPTURE_AUTORELEASING = YES;
				CLANG_WARN_BOOL_CONVERSION = YES;
				CLANG_WARN_COMMA = YES;
				CLANG_WARN_CONSTANT_CONVERSION = YES;
				CLANG_WARN_DEPRECATED_OBJC_IMPLEMENTATIONS = YES;
				CLANG_WARN_DIRECT_OBJC_ISA_USAGE = YES_ERROR;
				CLANG_WARN_DOCUMENTATION_COMMENTS = YES;
				CLANG_WARN_EMPTY_BODY = YES;
				CLANG_WARN_ENUM_CONVERSION = YES;
				CLANG_WARN_INFINITE_RECURSION = YES;
				CLANG_WARN_INT_CONVERSION = YES;
				CLANG_WARN_NON_LITERAL_NULL_CONVERSION = YES;
				CLANG_WARN_OBJC_IMPLICIT_RETAIN_SELF = YES;
				CLANG_WARN_OBJC_LITERAL_CONVERSION = YES;
				CLANG_WARN_OBJC_ROOT_CLASS = YES_ERROR;
				CLANG_WARN_QUOTED_INCLUDE_IN_FRAMEWORK_HEADER = YES;
				CLANG_WARN_RANGE_LOOP_ANALYSIS = YES;
				CLANG_WARN_STRICT_PROTOTYPES = YES;
				CLANG_WARN_SUSPICIOUS_MOVE = YES;
				CLANG_WARN_UNGUARDED_AVAILABILITY = YES_AGGRESSIVE;
				CLANG_WARN_UNREACHABLE_CODE = YES;
				CLANG_WARN__DUPLICATE_METHOD_MATCH = YES;
				COPY_PHASE_STRIP = NO;
				DEBUG_INFORMATION_FORMAT = "dwarf-with-dsym";
				ENABLE_NS_ASSERTIONS = NO;
				ENABLE_STRICT_OBJC_MSGSEND = YES;
				ENABLE_USER_SCRIPT_SANDBOXING = YES;
				GCC_C_LANGUAGE_STANDARD = gnu17;
				GCC_NO_COMMON_BLOCKS = YES;
				GCC_WARN_64_TO_32_BIT_CONVERSION = YES;
				GCC_WARN_ABOUT_RETURN_TYPE = YES_ERROR;
				GCC_WARN_UNDECLARED_SELECTOR = YES;
				GCC_WARN_UNINITIALIZED_AUTOS = YES_AGGRESSIVE;
				GCC_WARN_UNUSED_FUNCTION = YES;
				GCC_WARN_UNUSED_VARIABLE = YES;
				IPHONEOS_DEPLOYMENT_TARGET = 17.4;
				LOCALIZATION_PREFERS_STRING_CATALOGS = YES;
				MTL_ENABLE_DEBUG_INFO = NO;
				MTL_FAST_MATH = YES;
				SDKROOT = iphoneos;
				SWIFT_COMPILATION_MODE = wholemodule;
				VALIDATE_PRODUCT = YES;
			};
			name = Release;
		};
		604C65892BFB8EE4000CD88F /* Debug */ = {
			isa = XCBuildConfiguration;
			buildSettings = {
				ASSETCATALOG_COMPILER_APPICON_NAME = AppIcon;
				ASSETCATALOG_COMPILER_GLOBAL_ACCENT_COLOR_NAME = AccentColor;
				CODE_SIGN_STYLE = Automatic;
				CURRENT_PROJECT_VERSION = 1;
				DEVELOPMENT_TEAM = N6AWHLCUPW;
				GENERATE_INFOPLIST_FILE = YES;
				INFOPLIST_FILE = GamersLikeGames/Resource/Info.plist;
				INFOPLIST_KEY_UIApplicationSupportsIndirectInputEvents = YES;
				INFOPLIST_KEY_UILaunchStoryboardName = LaunchScreen;
				INFOPLIST_KEY_UIMainStoryboardFile = Main;
				INFOPLIST_KEY_UISupportedInterfaceOrientations_iPad = "UIInterfaceOrientationPortrait UIInterfaceOrientationPortraitUpsideDown UIInterfaceOrientationLandscapeLeft UIInterfaceOrientationLandscapeRight";
				INFOPLIST_KEY_UISupportedInterfaceOrientations_iPhone = "UIInterfaceOrientationPortrait UIInterfaceOrientationLandscapeLeft UIInterfaceOrientationLandscapeRight";
				LD_RUNPATH_SEARCH_PATHS = (
					"$(inherited)",
					"@executable_path/Frameworks",
				);
				MARKETING_VERSION = 1.0;
				PRODUCT_BUNDLE_IDENTIFIER = com.barisakcay.GamersLikeGames;
				PRODUCT_NAME = "$(TARGET_NAME)";
				SWIFT_EMIT_LOC_STRINGS = YES;
				SWIFT_VERSION = 5.0;
				TARGETED_DEVICE_FAMILY = "1,2";
			};
			name = Debug;
		};
		604C658A2BFB8EE4000CD88F /* Release */ = {
			isa = XCBuildConfiguration;
			buildSettings = {
				ASSETCATALOG_COMPILER_APPICON_NAME = AppIcon;
				ASSETCATALOG_COMPILER_GLOBAL_ACCENT_COLOR_NAME = AccentColor;
				CODE_SIGN_STYLE = Automatic;
				CURRENT_PROJECT_VERSION = 1;
				DEVELOPMENT_TEAM = N6AWHLCUPW;
				GENERATE_INFOPLIST_FILE = YES;
				INFOPLIST_FILE = GamersLikeGames/Resource/Info.plist;
				INFOPLIST_KEY_UIApplicationSupportsIndirectInputEvents = YES;
				INFOPLIST_KEY_UILaunchStoryboardName = LaunchScreen;
				INFOPLIST_KEY_UIMainStoryboardFile = Main;
				INFOPLIST_KEY_UISupportedInterfaceOrientations_iPad = "UIInterfaceOrientationPortrait UIInterfaceOrientationPortraitUpsideDown UIInterfaceOrientationLandscapeLeft UIInterfaceOrientationLandscapeRight";
				INFOPLIST_KEY_UISupportedInterfaceOrientations_iPhone = "UIInterfaceOrientationPortrait UIInterfaceOrientationLandscapeLeft UIInterfaceOrientationLandscapeRight";
				LD_RUNPATH_SEARCH_PATHS = (
					"$(inherited)",
					"@executable_path/Frameworks",
				);
				MARKETING_VERSION = 1.0;
				PRODUCT_BUNDLE_IDENTIFIER = com.barisakcay.GamersLikeGames;
				PRODUCT_NAME = "$(TARGET_NAME)";
				SWIFT_EMIT_LOC_STRINGS = YES;
				SWIFT_VERSION = 5.0;
				TARGETED_DEVICE_FAMILY = "1,2";
			};
			name = Release;
		};
/* End XCBuildConfiguration section */

/* Begin XCConfigurationList section */
		604C656C2BFB8EE2000CD88F /* Build configuration list for PBXProject "GamersLikeGames" */ = {
			isa = XCConfigurationList;
			buildConfigurations = (
				604C65862BFB8EE4000CD88F /* Debug */,
				604C65872BFB8EE4000CD88F /* Release */,
			);
			defaultConfigurationIsVisible = 0;
			defaultConfigurationName = Release;
		};
		604C65882BFB8EE4000CD88F /* Build configuration list for PBXNativeTarget "GamersLikeGames" */ = {
			isa = XCConfigurationList;
			buildConfigurations = (
				604C65892BFB8EE4000CD88F /* Debug */,
				604C658A2BFB8EE4000CD88F /* Release */,
			);
			defaultConfigurationIsVisible = 0;
			defaultConfigurationName = Release;
		};
/* End XCConfigurationList section */

/* Begin XCRemoteSwiftPackageReference section */
		604C65A02BFCE67A000CD88F /* XCRemoteSwiftPackageReference "Kingfisher" */ = {
			isa = XCRemoteSwiftPackageReference;
			repositoryURL = "https://github.com/onevcat/Kingfisher.git";
			requirement = {
				kind = upToNextMajorVersion;
				minimumVersion = 7.11.0;
			};
		};
/* End XCRemoteSwiftPackageReference section */

/* Begin XCSwiftPackageProductDependency section */
		604C65A12BFCE67A000CD88F /* Kingfisher */ = {
			isa = XCSwiftPackageProductDependency;
			package = 604C65A02BFCE67A000CD88F /* XCRemoteSwiftPackageReference "Kingfisher" */;
			productName = Kingfisher;
		};
/* End XCSwiftPackageProductDependency section */

/* Begin XCVersionGroup section */
		604C657D2BFB8EE2000CD88F /* GamersLikeGames.xcdatamodeld */ = {
			isa = XCVersionGroup;
			children = (
				604C657E2BFB8EE2000CD88F /* GamersLikeGames.xcdatamodel */,
			);
			currentVersion = 604C657E2BFB8EE2000CD88F /* GamersLikeGames.xcdatamodel */;
			path = GamersLikeGames.xcdatamodeld;
			sourceTree = "<group>";
			versionGroupType = wrapper.xcdatamodel;
		};
/* End XCVersionGroup section */
	};
	rootObject = 604C65692BFB8EE2000CD88F /* Project object */;
}
